// !$*UTF8*$!
{
	archiveVersion = 1;
	classes = {
	};
	objectVersion = 46;
	objects = {

/* Begin PBXBuildFile section */
		DD35DEAB1987D97700D3F711 /* Foundation.framework in Frameworks */ = {isa = PBXBuildFile; fileRef = DD35DEAA1987D97700D3F711 /* Foundation.framework */; };
		DD35DEAD1987D97700D3F711 /* CoreGraphics.framework in Frameworks */ = {isa = PBXBuildFile; fileRef = DD35DEAC1987D97700D3F711 /* CoreGraphics.framework */; };
		DD35DEAF1987D97700D3F711 /* UIKit.framework in Frameworks */ = {isa = PBXBuildFile; fileRef = DD35DEAE1987D97700D3F711 /* UIKit.framework */; };
		DD35DEB51987D97700D3F711 /* InfoPlist.strings in Resources */ = {isa = PBXBuildFile; fileRef = DD35DEB31987D97700D3F711 /* InfoPlist.strings */; };
		DD35DEB71987D97700D3F711 /* main.m in Sources */ = {isa = PBXBuildFile; fileRef = DD35DEB61987D97700D3F711 /* main.m */; };
		DD35DEBB1987D97700D3F711 /* TTTAppDelegate.m in Sources */ = {isa = PBXBuildFile; fileRef = DD35DEBA1987D97700D3F711 /* TTTAppDelegate.m */; };
		DD35DEBD1987D97700D3F711 /* Images.xcassets in Resources */ = {isa = PBXBuildFile; fileRef = DD35DEBC1987D97700D3F711 /* Images.xcassets */; };
		DD35DEC41987D97700D3F711 /* XCTest.framework in Frameworks */ = {isa = PBXBuildFile; fileRef = DD35DEC31987D97700D3F711 /* XCTest.framework */; };
		DD35DEC51987D97700D3F711 /* Foundation.framework in Frameworks */ = {isa = PBXBuildFile; fileRef = DD35DEAA1987D97700D3F711 /* Foundation.framework */; };
		DD35DEC61987D97700D3F711 /* UIKit.framework in Frameworks */ = {isa = PBXBuildFile; fileRef = DD35DEAE1987D97700D3F711 /* UIKit.framework */; };
		DD35DECE1987D97700D3F711 /* InfoPlist.strings in Resources */ = {isa = PBXBuildFile; fileRef = DD35DECC1987D97700D3F711 /* InfoPlist.strings */; };
		DD35DED01987D97700D3F711 /* TacTests.m in Sources */ = {isa = PBXBuildFile; fileRef = DD35DECF1987D97700D3F711 /* TacTests.m */; };
/* End PBXBuildFile section */

/* Begin PBXContainerItemProxy section */
		DD35DEC71987D97700D3F711 /* PBXContainerItemProxy */ = {
			isa = PBXContainerItemProxy;
			containerPortal = DD35DE9F1987D97700D3F711 /* Project object */;
			proxyType = 1;
			remoteGlobalIDString = DD35DEA61987D97700D3F711;
			remoteInfo = Tac;
		};
/* End PBXContainerItemProxy section */

/* Begin PBXFileReference section */
		DD35DEA71987D97700D3F711 /* Tac.app */ = {isa = PBXFileReference; explicitFileType = wrapper.application; includeInIndex = 0; path = Tac.app; sourceTree = BUILT_PRODUCTS_DIR; };
		DD35DEAA1987D97700D3F711 /* Foundation.framework */ = {isa = PBXFileReference; lastKnownFileType = wrapper.framework; name = Foundation.framework; path = System/Library/Frameworks/Foundation.framework; sourceTree = SDKROOT; };
		DD35DEAC1987D97700D3F711 /* CoreGraphics.framework */ = {isa = PBXFileReference; lastKnownFileType = wrapper.framework; name = CoreGraphics.framework; path = System/Library/Frameworks/CoreGraphics.framework; sourceTree = SDKROOT; };
		DD35DEAE1987D97700D3F711 /* UIKit.framework */ = {isa = PBXFileReference; lastKnownFileType = wrapper.framework; name = UIKit.framework; path = System/Library/Frameworks/UIKit.framework; sourceTree = SDKROOT; };
		DD35DEB21987D97700D3F711 /* Tac-Info.plist */ = {isa = PBXFileReference; lastKnownFileType = text.plist.xml; path = "Tac-Info.plist"; sourceTree = "<group>"; };
		DD35DEB41987D97700D3F711 /* en */ = {isa = PBXFileReference; lastKnownFileType = text.plist.strings; name = en; path = en.lproj/InfoPlist.strings; sourceTree = "<group>"; };
		DD35DEB61987D97700D3F711 /* main.m */ = {isa = PBXFileReference; lastKnownFileType = sourcecode.c.objc; path = main.m; sourceTree = "<group>"; };
		DD35DEB81987D97700D3F711 /* Tac-Prefix.pch */ = {isa = PBXFileReference; lastKnownFileType = sourcecode.c.h; path = "Tac-Prefix.pch"; sourceTree = "<group>"; };
		DD35DEB91987D97700D3F711 /* TTTAppDelegate.h */ = {isa = PBXFileReference; lastKnownFileType = sourcecode.c.h; path = TTTAppDelegate.h; sourceTree = "<group>"; };
		DD35DEBA1987D97700D3F711 /* TTTAppDelegate.m */ = {isa = PBXFileReference; lastKnownFileType = sourcecode.c.objc; path = TTTAppDelegate.m; sourceTree = "<group>"; };
		DD35DEBC1987D97700D3F711 /* Images.xcassets */ = {isa = PBXFileReference; lastKnownFileType = folder.assetcatalog; path = Images.xcassets; sourceTree = "<group>"; };
		DD35DEC21987D97700D3F711 /* TacTests.xctest */ = {isa = PBXFileReference; explicitFileType = wrapper.cfbundle; includeInIndex = 0; path = TacTests.xctest; sourceTree = BUILT_PRODUCTS_DIR; };
		DD35DEC31987D97700D3F711 /* XCTest.framework */ = {isa = PBXFileReference; lastKnownFileType = wrapper.framework; name = XCTest.framework; path = Library/Frameworks/XCTest.framework; sourceTree = DEVELOPER_DIR; };
		DD35DECB1987D97700D3F711 /* TacTests-Info.plist */ = {isa = PBXFileReference; lastKnownFileType = text.plist.xml; path = "TacTests-Info.plist"; sourceTree = "<group>"; };
		DD35DECD1987D97700D3F711 /* en */ = {isa = PBXFileReference; lastKnownFileType = text.plist.strings; name = en; path = en.lproj/InfoPlist.strings; sourceTree = "<group>"; };
		DD35DECF1987D97700D3F711 /* TacTests.m */ = {isa = PBXFileReference; lastKnownFileType = sourcecode.c.objc; path = TacTests.m; sourceTree = "<group>"; };
/* End PBXFileReference section */

/* Begin PBXFrameworksBuildPhase section */
		DD35DEA41987D97700D3F711 /* Frameworks */ = {
			isa = PBXFrameworksBuildPhase;
			buildActionMask = 2147483647;
			files = (
				DD35DEAD1987D97700D3F711 /* CoreGraphics.framework in Frameworks */,
				DD35DEAF1987D97700D3F711 /* UIKit.framework in Frameworks */,
				DD35DEAB1987D97700D3F711 /* Foundation.framework in Frameworks */,
			);
			runOnlyForDeploymentPostprocessing = 0;
		};
		DD35DEBF1987D97700D3F711 /* Frameworks */ = {
			isa = PBXFrameworksBuildPhase;
			buildActionMask = 2147483647;
			files = (
				DD35DEC41987D97700D3F711 /* XCTest.framework in Frameworks */,
				DD35DEC61987D97700D3F711 /* UIKit.framework in Frameworks */,
				DD35DEC51987D97700D3F711 /* Foundation.framework in Frameworks */,
			);
			runOnlyForDeploymentPostprocessing = 0;
		};
/* End PBXFrameworksBuildPhase section */

/* Begin PBXGroup section */
		DD35DE9E1987D97700D3F711 = {
			isa = PBXGroup;
			children = (
				DD35DEB01987D97700D3F711 /* Tac */,
				DD35DEC91987D97700D3F711 /* TacTests */,
				DD35DEA91987D97700D3F711 /* Frameworks */,
				DD35DEA81987D97700D3F711 /* Products */,
			);
			sourceTree = "<group>";
		};
		DD35DEA81987D97700D3F711 /* Products */ = {
			isa = PBXGroup;
			children = (
				DD35DEA71987D97700D3F711 /* Tac.app */,
				DD35DEC21987D97700D3F711 /* TacTests.xctest */,
			);
			name = Products;
			sourceTree = "<group>";
		};
		DD35DEA91987D97700D3F711 /* Frameworks */ = {
			isa = PBXGroup;
			children = (
				DD35DEAA1987D97700D3F711 /* Foundation.framework */,
				DD35DEAC1987D97700D3F711 /* CoreGraphics.framework */,
				DD35DEAE1987D97700D3F711 /* UIKit.framework */,
				DD35DEC31987D97700D3F711 /* XCTest.framework */,
			);
			name = Frameworks;
			sourceTree = "<group>";
		};
		DD35DEB01987D97700D3F711 /* Tac */ = {
			isa = PBXGroup;
			children = (
				DD35DEB91987D97700D3F711 /* TTTAppDelegate.h */,
				DD35DEBA1987D97700D3F711 /* TTTAppDelegate.m */,
				DD35DEBC1987D97700D3F711 /* Images.xcassets */,
				DD35DEB11987D97700D3F711 /* Supporting Files */,
			);
			path = Tac;
			sourceTree = "<group>";
		};
		DD35DEB11987D97700D3F711 /* Supporting Files */ = {
			isa = PBXGroup;
			children = (
				DD35DEB21987D97700D3F711 /* Tac-Info.plist */,
				DD35DEB31987D97700D3F711 /* InfoPlist.strings */,
				DD35DEB61987D97700D3F711 /* main.m */,
				DD35DEB81987D97700D3F711 /* Tac-Prefix.pch */,
			);
			name = "Supporting Files";
			sourceTree = "<group>";
		};
		DD35DEC91987D97700D3F711 /* TacTests */ = {
			isa = PBXGroup;
			children = (
				DD35DECF1987D97700D3F711 /* TacTests.m */,
				DD35DECA1987D97700D3F711 /* Supporting Files */,
			);
			path = TacTests;
			sourceTree = "<group>";
		};
		DD35DECA1987D97700D3F711 /* Supporting Files */ = {
			isa = PBXGroup;
			children = (
				DD35DECB1987D97700D3F711 /* TacTests-Info.plist */,
				DD35DECC1987D97700D3F711 /* InfoPlist.strings */,
			);
			name = "Supporting Files";
			sourceTree = "<group>";
		};
/* End PBXGroup section */

/* Begin PBXNativeTarget section */
		DD35DEA61987D97700D3F711 /* Tac */ = {
			isa = PBXNativeTarget;
			buildConfigurationList = DD35DED31987D97700D3F711 /* Build configuration list for PBXNativeTarget "Tac" */;
			buildPhases = (
				DD35DEA31987D97700D3F711 /* Sources */,
				DD35DEA41987D97700D3F711 /* Frameworks */,
				DD35DEA51987D97700D3F711 /* Resources */,
			);
			buildRules = (
			);
			dependencies = (
			);
			name = Tac;
			productName = Tac;
			productReference = DD35DEA71987D97700D3F711 /* Tac.app */;
			productType = "com.apple.product-type.application";
		};
		DD35DEC11987D97700D3F711 /* TacTests */ = {
			isa = PBXNativeTarget;
			buildConfigurationList = DD35DED61987D97700D3F711 /* Build configuration list for PBXNativeTarget "TacTests" */;
			buildPhases = (
				DD35DEBE1987D97700D3F711 /* Sources */,
				DD35DEBF1987D97700D3F711 /* Frameworks */,
				DD35DEC01987D97700D3F711 /* Resources */,
			);
			buildRules = (
			);
			dependencies = (
				DD35DEC81987D97700D3F711 /* PBXTargetDependency */,
			);
			name = TacTests;
			productName = TacTests;
			productReference = DD35DEC21987D97700D3F711 /* TacTests.xctest */;
			productType = "com.apple.product-type.bundle.unit-test";
		};
/* End PBXNativeTarget section */

/* Begin PBXProject section */
		DD35DE9F1987D97700D3F711 /* Project object */ = {
			isa = PBXProject;
			attributes = {
				CLASSPREFIX = TTT;
				LastUpgradeCheck = 0510;
				ORGANIZATIONNAME = "Eric Williams";
				TargetAttributes = {
					DD35DEC11987D97700D3F711 = {
						TestTargetID = DD35DEA61987D97700D3F711;
					};
				};
			};
			buildConfigurationList = DD35DEA21987D97700D3F711 /* Build configuration list for PBXProject "Tac" */;
			compatibilityVersion = "Xcode 3.2";
			developmentRegion = English;
			hasScannedForEncodings = 0;
			knownRegions = (
				en,
			);
			mainGroup = DD35DE9E1987D97700D3F711;
			productRefGroup = DD35DEA81987D97700D3F711 /* Products */;
			projectDirPath = "";
			projectRoot = "";
			targets = (
				DD35DEA61987D97700D3F711 /* Tac */,
				DD35DEC11987D97700D3F711 /* TacTests */,
			);
		};
/* End PBXProject section */

/* Begin PBXResourcesBuildPhase section */
		DD35DEA51987D97700D3F711 /* Resources */ = {
			isa = PBXResourcesBuildPhase;
			buildActionMask = 2147483647;
			files = (
				DD35DEB51987D97700D3F711 /* InfoPlist.strings in Resources */,
				DD35DEBD1987D97700D3F711 /* Images.xcassets in Resources */,
			);
			runOnlyForDeploymentPostprocessing = 0;
		};
		DD35DEC01987D97700D3F711 /* Resources */ = {
			isa = PBXResourcesBuildPhase;
			buildActionMask = 2147483647;
			files = (
				DD35DECE1987D97700D3F711 /* InfoPlist.strings in Resources */,
			);
			runOnlyForDeploymentPostprocessing = 0;
		};
/* End PBXResourcesBuildPhase section */

/* Begin PBXSourcesBuildPhase section */
		DD35DEA31987D97700D3F711 /* Sources */ = {
			isa = PBXSourcesBuildPhase;
			buildActionMask = 2147483647;
			files = (
				DD35DEB71987D97700D3F711 /* main.m in Sources */,
				DD35DEBB1987D97700D3F711 /* TTTAppDelegate.m in Sources */,
			);
			runOnlyForDeploymentPostprocessing = 0;
		};
		DD35DEBE1987D97700D3F711 /* Sources */ = {
			isa = PBXSourcesBuildPhase;
			buildActionMask = 2147483647;
			files = (
				DD35DED01987D97700D3F711 /* TacTests.m in Sources */,
			);
			runOnlyForDeploymentPostprocessing = 0;
		};
/* End PBXSourcesBuildPhase section */

/* Begin PBXTargetDependency section */
		DD35DEC81987D97700D3F711 /* PBXTargetDependency */ = {
			isa = PBXTargetDependency;
			target = DD35DEA61987D97700D3F711 /* Tac */;
			targetProxy = DD35DEC71987D97700D3F711 /* PBXContainerItemProxy */;
		};
/* End PBXTargetDependency section */

/* Begin PBXVariantGroup section */
		DD35DEB31987D97700D3F711 /* InfoPlist.strings */ = {
			isa = PBXVariantGroup;
			children = (
				DD35DEB41987D97700D3F711 /* en */,
			);
			name = InfoPlist.strings;
			sourceTree = "<group>";
		};
		DD35DECC1987D97700D3F711 /* InfoPlist.strings */ = {
			isa = PBXVariantGroup;
			children = (
				DD35DECD1987D97700D3F711 /* en */,
			);
			name = InfoPlist.strings;
			sourceTree = "<group>";
		};
/* End PBXVariantGroup section */

/* Begin XCBuildConfiguration section */
		DD35DED11987D97700D3F711 /* Debug */ = {
			isa = XCBuildConfiguration;
			buildSettings = {
				ALWAYS_SEARCH_USER_PATHS = NO;
				CLANG_CXX_LANGUAGE_STANDARD = "gnu++0x";
				CLANG_CXX_LIBRARY = "libc++";
				CLANG_ENABLE_MODULES = YES;
				CLANG_ENABLE_OBJC_ARC = YES;
				CLANG_WARN_BOOL_CONVERSION = YES;
				CLANG_WARN_CONSTANT_CONVERSION = YES;
				CLANG_WARN_DIRECT_OBJC_ISA_USAGE = YES_ERROR;
				CLANG_WARN_EMPTY_BODY = YES;
				CLANG_WARN_ENUM_CONVERSION = YES;
				CLANG_WARN_INT_CONVERSION = YES;
				CLANG_WARN_OBJC_ROOT_CLASS = YES_ERROR;
				CLANG_WARN__DUPLICATE_METHOD_MATCH = YES;
				"CODE_SIGN_IDENTITY[sdk=iphoneos*]" = "iPhone Developer";
				COPY_PHASE_STRIP = NO;
				GCC_C_LANGUAGE_STANDARD = gnu99;
				GCC_DYNAMIC_NO_PIC = NO;
				GCC_OPTIMIZATION_LEVEL = 0;
				GCC_PREPROCESSOR_DEFINITIONS = (
					"DEBUG=1",
					"$(inherited)",
				);
				GCC_SYMBOLS_PRIVATE_EXTERN = NO;
				GCC_WARN_64_TO_32_BIT_CONVERSION = YES;
				GCC_WARN_ABOUT_RETURN_TYPE = YES_ERROR;
				GCC_WARN_UNDECLARED_SELECTOR = YES;
				GCC_WARN_UNINITIALIZED_AUTOS = YES_AGGRESSIVE;
				GCC_WARN_UNUSED_FUNCTION = YES;
				GCC_WARN_UNUSED_VARIABLE = YES;
				IPHONEOS_DEPLOYMENT_TARGET = 7.1;
				ONLY_ACTIVE_ARCH = YES;
				SDKROOT = iphoneos;
			};
			name = Debug;
		};
		DD35DED21987D97700D3F711 /* Release */ = {
			isa = XCBuildConfiguration;
			buildSettings = {
				ALWAYS_SEARCH_USER_PATHS = NO;
				CLANG_CXX_LANGUAGE_STANDARD = "gnu++0x";
				CLANG_CXX_LIBRARY = "libc++";
				CLANG_ENABLE_MODULES = YES;
				CLANG_ENABLE_OBJC_ARC = YES;
				CLANG_WARN_BOOL_CONVERSION = YES;
				CLANG_WARN_CONSTANT_CONVERSION = YES;
				CLANG_WARN_DIRECT_OBJC_ISA_USAGE = YES_ERROR;
				CLANG_WARN_EMPTY_BODY = YES;
				CLANG_WARN_ENUM_CONVERSION = YES;
				CLANG_WARN_INT_CONVERSION = YES;
				CLANG_WARN_OBJC_ROOT_CLASS = YES_ERROR;
				CLANG_WARN__DUPLICATE_METHOD_MATCH = YES;
				"CODE_SIGN_IDENTITY[sdk=iphoneos*]" = "iPhone Developer";
				COPY_PHASE_STRIP = YES;
				ENABLE_NS_ASSERTIONS = NO;
				GCC_C_LANGUAGE_STANDARD = gnu99;
				GCC_WARN_64_TO_32_BIT_CONVERSION = YES;
				GCC_WARN_ABOUT_RETURN_TYPE = YES_ERROR;
				GCC_WARN_UNDECLARED_SELECTOR = YES;
				GCC_WARN_UNINITIALIZED_AUTOS = YES_AGGRESSIVE;
				GCC_WARN_UNUSED_FUNCTION = YES;
				GCC_WARN_UNUSED_VARIABLE = YES;
				IPHONEOS_DEPLOYMENT_TARGET = 7.1;
				SDKROOT = iphoneos;
				VALIDATE_PRODUCT = YES;
			};
			name = Release;
		};
		DD35DED41987D97700D3F711 /* Debug */ = {
			isa = XCBuildConfiguration;
			buildSettings = {
				ASSETCATALOG_COMPILER_APPICON_NAME = AppIcon;
				ASSETCATALOG_COMPILER_LAUNCHIMAGE_NAME = LaunchImage;
				GCC_PRECOMPILE_PREFIX_HEADER = YES;
				GCC_PREFIX_HEADER = "Tac/Tac-Prefix.pch";
				INFOPLIST_FILE = "Tac/Tac-Info.plist";
				PRODUCT_NAME = "$(TARGET_NAME)";
				WRAPPER_EXTENSION = app;
			};
			name = Debug;
		};
		DD35DED51987D97700D3F711 /* Release */ = {
			isa = XCBuildConfiguration;
			buildSettings = {
				ASSETCATALOG_COMPILER_APPICON_NAME = AppIcon;
				ASSETCATALOG_COMPILER_LAUNCHIMAGE_NAME = LaunchImage;
				GCC_PRECOMPILE_PREFIX_HEADER = YES;
				GCC_PREFIX_HEADER = "Tac/Tac-Prefix.pch";
				INFOPLIST_FILE = "Tac/Tac-Info.plist";
				PRODUCT_NAME = "$(TARGET_NAME)";
				WRAPPER_EXTENSION = app;
			};
			name = Release;
		};
		DD35DED71987D97700D3F711 /* Debug */ = {
			isa = XCBuildConfiguration;
			buildSettings = {
				BUNDLE_LOADER = "$(BUILT_PRODUCTS_DIR)/Tac.app/Tac";
				FRAMEWORK_SEARCH_PATHS = (
					"$(SDKROOT)/Developer/Library/Frameworks",
					"$(inherited)",
					"$(DEVELOPER_FRAMEWORKS_DIR)",
				);
				GCC_PRECOMPILE_PREFIX_HEADER = YES;
				GCC_PREFIX_HEADER = "Tac/Tac-Prefix.pch";
				GCC_PREPROCESSOR_DEFINITIONS = (
					"DEBUG=1",
					"$(inherited)",
				);
				INFOPLIST_FILE = "TacTests/TacTests-Info.plist";
				PRODUCT_NAME = "$(TARGET_NAME)";
				TEST_HOST = "$(BUNDLE_LOADER)";
				WRAPPER_EXTENSION = xctest;
			};
			name = Debug;
		};
		DD35DED81987D97700D3F711 /* Release */ = {
			isa = XCBuildConfiguration;
			buildSettings = {
				BUNDLE_LOADER = "$(BUILT_PRODUCTS_DIR)/Tac.app/Tac";
				FRAMEWORK_SEARCH_PATHS = (
					"$(SDKROOT)/Developer/Library/Frameworks",
					"$(inherited)",
					"$(DEVELOPER_FRAMEWORKS_DIR)",
				);
				GCC_PRECOMPILE_PREFIX_HEADER = YES;
				GCC_PREFIX_HEADER = "Tac/Tac-Prefix.pch";
				INFOPLIST_FILE = "TacTests/TacTests-Info.plist";
				PRODUCT_NAME = "$(TARGET_NAME)";
				TEST_HOST = "$(BUNDLE_LOADER)";
				WRAPPER_EXTENSION = xctest;
			};
			name = Release;
		};
/* End XCBuildConfiguration section */

/* Begin XCConfigurationList section */
		DD35DEA21987D97700D3F711 /* Build configuration list for PBXProject "Tac" */ = {
			isa = XCConfigurationList;
			buildConfigurations = (
				DD35DED11987D97700D3F711 /* Debug */,
				DD35DED21987D97700D3F711 /* Release */,
			);
			defaultConfigurationIsVisible = 0;
			defaultConfigurationName = Release;
		};
		DD35DED31987D97700D3F711 /* Build configuration list for PBXNativeTarget "Tac" */ = {
			isa = XCConfigurationList;
			buildConfigurations = (
				DD35DED41987D97700D3F711 /* Debug */,
				DD35DED51987D97700D3F711 /* Release */,
			);
			defaultConfigurationIsVisible = 0;
		};
		DD35DED61987D97700D3F711 /* Build configuration list for PBXNativeTarget "TacTests" */ = {
			isa = XCConfigurationList;
			buildConfigurations = (
				DD35DED71987D97700D3F711 /* Debug */,
				DD35DED81987D97700D3F711 /* Release */,
			);
			defaultConfigurationIsVisible = 0;
		};
/* End XCConfigurationList section */
	};
	rootObject = DD35DE9F1987D97700D3F711 /* Project object */;
}
